
Microsoft Visual Studio Solution File, Format Version 12.00
# Visual Studio Version 17
VisualStudioVersion = 17.4.33205.214
MinimumVisualStudioVersion = 10.0.40219.1
Project("{FAE04EC0-301F-11D3-BF4B-00C04F79EFBC}") = "VideoprokatApp", "VideoprokatApp\VideoprokatApp.csproj", "{31ED5A03-3ECE-4F74-8B96-FBA9F72B07D7}"
EndProject
Global
	GlobalSection(SolutionConfigurationPlatforms) = preSolution
		Debug|Any CPU = Debug|Any CPU
		Release|Any CPU = Release|Any CPU
	EndGlobalSection
	GlobalSection(ProjectConfigurationPlatforms) = postSolution
		{31ED5A03-3ECE-4F74-8B96-FBA9F72B07D7}.Debug|Any CPU.ActiveCfg = Debug|Any CPU
		{31ED5A03-3ECE-4F74-8B96-FBA9F72B07D7}.Debug|Any CPU.Build.0 = Debug|Any CPU
		{31ED5A03-3ECE-4F74-8B96-FBA9F72B07D7}.Release|Any CPU.ActiveCfg = Release|Any CPU
		{31ED5A03-3ECE-4F74-8B96-FBA9F72B07D7}.Release|Any CPU.Build.0 = Release|Any CPU
	EndGlobalSection
	GlobalSection(SolutionProperties) = preSolution
		HideSolutionNode = FALSE
	EndGlobalSection
	GlobalSection(ExtensibilityGlobals) = postSolution
		SolutionGuid = {01394FEF-FB4D-4DD8-B4B6-1C8A38F10B22}
	EndGlobalSection
EndGlobal
